{
  "nodes": {
    "colmena": {
      "inputs": {
        "flake-compat": "flake-compat",
        "flake-utils": "flake-utils",
        "nixpkgs": [
          "nixpkgs"
        ],
        "stable": "stable"
      },
      "locked": {
        "lastModified": 1685163780,
        "narHash": "sha256-tMwseHtEFDpO3WKeZKWqrKRAZI6TiEULidxEbzicuFg=",
        "owner": "zhaofengli",
        "repo": "colmena",
        "rev": "c61bebae1dc1d57237577080b1ca1e37a3fbcebf",
        "type": "github"
      },
      "original": {
        "owner": "zhaofengli",
        "repo": "colmena",
        "type": "github"
      }
    },
    "flake-compat": {
      "flake": false,
      "locked": {
        "lastModified": 1650374568,
        "narHash": "sha256-Z+s0J8/r907g149rllvwhb4pKi8Wam5ij0st8PwAh+E=",
        "owner": "edolstra",
        "repo": "flake-compat",
        "rev": "b4a34015c698c7793d592d66adbab377907a2be8",
        "type": "github"
      },
      "original": {
        "owner": "edolstra",
        "repo": "flake-compat",
        "type": "github"
      }
    },
    "flake-utils": {
      "locked": {
        "lastModified": 1659877975,
        "narHash": "sha256-zllb8aq3YO3h8B/U0/J1WBgAL8EX5yWf5pMj3G0NAmc=",
        "owner": "numtide",
        "repo": "flake-utils",
        "rev": "c0e246b9b83f637f4681389ecabcb2681b4f3af0",
        "type": "github"
      },
      "original": {
        "owner": "numtide",
        "repo": "flake-utils",
        "type": "github"
      }
    },
    "home-manager": {
      "inputs": {
        "nixpkgs": [
          "nixpkgs"
        ]
      },
      "locked": {
        "lastModified": 1687257796,
        "narHash": "sha256-jWF0LtG4GczLGLsBvXIGaCX+JvTLfawVLLJPtB5CMW0=",
        "owner": "nix-community",
        "repo": "home-manager",
        "rev": "e8b5f8f9b3368dcc4814129d6f66c1af7cf3b6e5",
        "type": "github"
      },
      "original": {
        "owner": "nix-community",
        "repo": "home-manager",
        "type": "github"
      }
    },
    "nixos-hardware": {
      "locked": {
        "lastModified": 1686838567,
        "narHash": "sha256-aqKCUD126dRlVSKV6vWuDCitfjFrZlkwNuvj5LtjRRU=",
        "owner": "NixOS",
        "repo": "nixos-hardware",
        "rev": "429f232fe1dc398c5afea19a51aad6931ee0fb89",
        "type": "github"
      },
      "original": {
        "owner": "NixOS",
        "ref": "master",
        "repo": "nixos-hardware",
        "type": "github"
      }
    },
    "nixpkgs": {
      "locked": {
        "lastModified": 1686960236,
        "narHash": "sha256-AYCC9rXNLpUWzD9hm+askOfpliLEC9kwAo7ITJc4HIw=",
        "owner": "NixOS",
        "repo": "nixpkgs",
        "rev": "04af42f3b31dba0ef742d254456dc4c14eedac86",
        "type": "github"
      },
      "original": {
        "owner": "NixOS",
        "ref": "nixos-unstable",
        "repo": "nixpkgs",
        "type": "github"
      }
    },
    "nixpkgs-small": {
      "locked": {
        "lastModified": 1687277670,
        "narHash": "sha256-pN5XLJGNz5b/kOjfk2At3aU2+QJa0a2o/cDM6GX686I=",
        "owner": "NixOS",
        "repo": "nixpkgs",
        "rev": "e4d9386f02195182adb9766ede4798e1c8ba8dd9",
        "type": "github"
      },
      "original": {
        "owner": "NixOS",
        "ref": "nixos-unstable-small",
        "repo": "nixpkgs",
        "type": "github"
      }
    },
    "redacted": {
      "locked": {
        "lastModified": 1687123230,
        "narHash": "sha256-oVKHLdtWLhPgLUsQfwVTqXlCs/ZgpSUc/DZzu7SC9Hs=",
        "ref": "refs/heads/main",
        "rev": "d3f3a21803f73a41acc2d67dbc8ee5656f21cbfb",
        "revCount": 5,
        "type": "git",
        "url": "ssh://git@git.geklaute.cloud/emilylange/nixos-config-redacted"
      },
      "original": {
        "type": "git",
        "url": "ssh://git@git.geklaute.cloud/emilylange/nixos-config-redacted"
      }
    },
    "root": {
      "inputs": {
        "colmena": "colmena",
        "home-manager": "home-manager",
        "nixos-hardware": "nixos-hardware",
        "nixpkgs": "nixpkgs",
        "nixpkgs-small": "nixpkgs-small",
        "redacted": "redacted"
      }
    },
    "stable": {
      "locked": {
        "lastModified": 1669735802,
        "narHash": "sha256-qtG/o/i5ZWZLmXw108N2aPiVsxOcidpHJYNkT45ry9Q=",
        "owner": "NixOS",
        "repo": "nixpkgs",
        "rev": "731cc710aeebecbf45a258e977e8b68350549522",
        "type": "github"
      },
      "original": {
        "owner": "NixOS",
        "ref": "nixos-22.11",
        "repo": "nixpkgs",
        "type": "github"
      }
    }
  },
  "root": "root",
  "version": 7
}
